
Microsoft Visual Studio Solution File, Format Version 12.00
# Visual Studio Version 16
VisualStudioVersion = 16.0.31205.134
MinimumVisualStudioVersion = 10.0.40219.1
Project("{9A19103F-16F7-4668-BE54-9A1E7A4F7556}") = "BookstoreAppWebAPI", "BookstoreAppWebAPI\BookstoreAppWebAPI.csproj", "{76559896-A569-4D01-AA89-DEE851893868}"
EndProject
Project("{FAE04EC0-301F-11D3-BF4B-00C04F79EFBC}") = "BookStoreAppWebAPI.UnitTests", "BookStoreAppWebAPI.UnitTests\BookStoreAppWebAPI.UnitTests.csproj", "{14126D93-66F1-48CC-B3AF-E856D90A43F2}"
EndProject
Global
	GlobalSection(SolutionConfigurationPlatforms) = preSolution
		Debug|Any CPU = Debug|Any CPU
		Release|Any CPU = Release|Any CPU
	EndGlobalSection
	GlobalSection(ProjectConfigurationPlatforms) = postSolution
		{76559896-A569-4D01-AA89-DEE851893868}.Debug|Any CPU.ActiveCfg = Debug|Any CPU
		{76559896-A569-4D01-AA89-DEE851893868}.Debug|Any CPU.Build.0 = Debug|Any CPU
		{76559896-A569-4D01-AA89-DEE851893868}.Release|Any CPU.ActiveCfg = Release|Any CPU
		{76559896-A569-4D01-AA89-DEE851893868}.Release|Any CPU.Build.0 = Release|Any CPU
		{14126D93-66F1-48CC-B3AF-E856D90A43F2}.Debug|Any CPU.ActiveCfg = Debug|Any CPU
		{14126D93-66F1-48CC-B3AF-E856D90A43F2}.Debug|Any CPU.Build.0 = Debug|Any CPU
		{14126D93-66F1-48CC-B3AF-E856D90A43F2}.Release|Any CPU.ActiveCfg = Release|Any CPU
		{14126D93-66F1-48CC-B3AF-E856D90A43F2}.Release|Any CPU.Build.0 = Release|Any CPU
	EndGlobalSection
	GlobalSection(SolutionProperties) = preSolution
		HideSolutionNode = FALSE
	EndGlobalSection
	GlobalSection(ExtensibilityGlobals) = postSolution
		SolutionGuid = {25B652AF-BE1F-42F6-A6CE-5EA9DD79EB1B}
	EndGlobalSection
EndGlobal
